# This file is generated by running "yarn install" inside your project.
# Manual changes might be lost - proceed with caution!

__metadata:
  version: 8
  cacheKey: 10c0

"bun-types@npm:latest":
  version: 1.0.18-1
  resolution: "bun-types@npm:1.0.18-1"
  checksum: 08240d44937f629360edab880b8d106a899cc819812ebfaadb916747ea414cf456c860adca716555dde1878d37bf5159424254f8e7e8c0325f48c69fdf7e07af
  languageName: node
  linkType: hard

"compiler_study@workspace:.":
  version: 0.0.0-use.local
  resolution: "compiler_study@workspace:."
  dependencies:
    bun-types: "npm:latest"
  peerDependencies:
    typescript: ^5.0.0
  languageName: unknown
  linkType: soft
